
Microsoft Visual Studio Solution File, Format Version 12.00
# Visual Studio Version 16
VisualStudioVersion = 16.0.32002.261
MinimumVisualStudioVersion = 10.0.40219.1
Project("{FAE04EC0-301F-11D3-BF4B-00C04F79EFBC}") = "MillerRabinPrimalityTest", "MillerRabinPrimalityTest\MillerRabinPrimalityTest.csproj", "{8015AC17-204B-43A1-AD87-C3F92CAF9431}"
EndProject
Global
	GlobalSection(SolutionConfigurationPlatforms) = preSolution
		Debug|Any CPU = Debug|Any CPU
		Release|Any CPU = Release|Any CPU
	EndGlobalSection
	GlobalSection(ProjectConfigurationPlatforms) = postSolution
		{8015AC17-204B-43A1-AD87-C3F92CAF9431}.Debug|Any CPU.ActiveCfg = Debug|Any CPU
		{8015AC17-204B-43A1-AD87-C3F92CAF9431}.Debug|Any CPU.Build.0 = Debug|Any CPU
		{8015AC17-204B-43A1-AD87-C3F92CAF9431}.Release|Any CPU.ActiveCfg = Release|Any CPU
		{8015AC17-204B-43A1-AD87-C3F92CAF9431}.Release|Any CPU.Build.0 = Release|Any CPU
	EndGlobalSection
	GlobalSection(SolutionProperties) = preSolution
		HideSolutionNode = FALSE
	EndGlobalSection
	GlobalSection(ExtensibilityGlobals) = postSolution
		SolutionGuid = {EBCC2517-1C82-4725-8AC4-3CA8D022C8EA}
	EndGlobalSection
EndGlobal
